{
  "requires": true,
  "lockfileVersion": 1,
  "dependencies": {
    "react-confirm-alert": {
      "version": "3.0.6",
      "resolved": "https://registry.npmjs.org/react-confirm-alert/-/react-confirm-alert-3.0.6.tgz",
      "integrity": "sha512-rplP6Ed9ZSNd0KFV5BUzk4EPQ77BxsrayllBXGFuA8xPXc7sbBjgU5KUrNpl7aWFmP7mXRlVXfuy1IT5DbffYw=="
    },
    "sweetalert2": {
      "version": "11.4.29",
      "resolved": "https://registry.npmjs.org/sweetalert2/-/sweetalert2-11.4.29.tgz",
      "integrity": "sha512-UMCZgyEk0m+KizxspB8Bsm5ZQRdguba2t2+Rf0r8XBmq5YqhXq7ItV2C15A3VLfRlxHnEJBTYg6hkSk/x+5Ofw=="
    }
  }
}
